// !$*UTF8*$!
{
	archiveVersion = 1;
	classes = {
	};
	objectVersion = 46;
	objects = {

/* Begin PBXBuildFile section */
		F16CC2FF142C0C01001F788B /* main.cpp in Sources */ = {isa = PBXBuildFile; fileRef = F16CC2FE142C0C01001F788B /* main.cpp */; };
		F16CC301142C0C01001F788B /* gufsm.1 in CopyFiles */ = {isa = PBXBuildFile; fileRef = F16CC300142C0C01001F788B /* gufsm.1 */; };
		F16CC30C142C0CDE001F788B /* FSM.cc in Sources */ = {isa = PBXBuildFile; fileRef = F16CC30B142C0CDE001F788B /* FSM.cc */; };
		F16CC310142C0F86001F788B /* FSMState.cc in Sources */ = {isa = PBXBuildFile; fileRef = F16CC30F142C0F86001F788B /* FSMState.cc */; };
		F16CC313142C1247001F788B /* FSMActivity.cc in Sources */ = {isa = PBXBuildFile; fileRef = F16CC312142C1247001F788B /* FSMActivity.cc */; };
		F16CC31D142C2AD9001F788B /* SenTestingKit.framework in Frameworks */ = {isa = PBXBuildFile; fileRef = F16CC31C142C2AD9001F788B /* SenTestingKit.framework */; };
		F16CC31F142C2AD9001F788B /* Cocoa.framework in Frameworks */ = {isa = PBXBuildFile; fileRef = F16CC31E142C2AD9001F788B /* Cocoa.framework */; };
		F16CC329142C2AD9001F788B /* InfoPlist.strings in Resources */ = {isa = PBXBuildFile; fileRef = F16CC327142C2AD9001F788B /* InfoPlist.strings */; };
		F16CC32C142C2AD9001F788B /* FSMTest.mm in Sources */ = {isa = PBXBuildFile; fileRef = F16CC32B142C2AD9001F788B /* FSMTest.mm */; };
		F16CC331142C2B88001F788B /* FSM.cc in Sources */ = {isa = PBXBuildFile; fileRef = F16CC30B142C0CDE001F788B /* FSM.cc */; };
		F16CC332142C2B88001F788B /* FSMActivity.cc in Sources */ = {isa = PBXBuildFile; fileRef = F16CC312142C1247001F788B /* FSMActivity.cc */; };
		F16CC333142C2B88001F788B /* FSMState.cc in Sources */ = {isa = PBXBuildFile; fileRef = F16CC30F142C0F86001F788B /* FSMState.cc */; };
		F16CC335142C3433001F788B /* FSMAction.cc in Sources */ = {isa = PBXBuildFile; fileRef = F16CC334142C3433001F788B /* FSMAction.cc */; };
		F16CC336142C390D001F788B /* FSMAction.cc in Sources */ = {isa = PBXBuildFile; fileRef = F16CC334142C3433001F788B /* FSMAction.cc */; };
/* End PBXBuildFile section */

/* Begin PBXCopyFilesBuildPhase section */
		F16CC2F8142C0C01001F788B /* CopyFiles */ = {
			isa = PBXCopyFilesBuildPhase;
			buildActionMask = 2147483647;
			dstPath = /usr/share/man/man1/;
			dstSubfolderSpec = 0;
			files = (
				F16CC301142C0C01001F788B /* gufsm.1 in CopyFiles */,
			);
			runOnlyForDeploymentPostprocessing = 1;
		};
/* End PBXCopyFilesBuildPhase section */

/* Begin PBXFileReference section */
		F16CC2FA142C0C01001F788B /* gufsm */ = {isa = PBXFileReference; explicitFileType = "compiled.mach-o.executable"; includeInIndex = 0; path = gufsm; sourceTree = BUILT_PRODUCTS_DIR; };
		F16CC2FE142C0C01001F788B /* main.cpp */ = {isa = PBXFileReference; lastKnownFileType = sourcecode.cpp.cpp; path = main.cpp; sourceTree = "<group>"; };
		F16CC300142C0C01001F788B /* gufsm.1 */ = {isa = PBXFileReference; lastKnownFileType = text.man; path = gufsm.1; sourceTree = "<group>"; };
		F16CC30B142C0CDE001F788B /* FSM.cc */ = {isa = PBXFileReference; fileEncoding = 4; lastKnownFileType = sourcecode.cpp.cpp; path = FSM.cc; sourceTree = "<group>"; };
		F16CC30D142C0CE6001F788B /* FSM.h */ = {isa = PBXFileReference; fileEncoding = 4; lastKnownFileType = sourcecode.c.h; path = FSM.h; sourceTree = "<group>"; };
		F16CC30E142C0F62001F788B /* FSMState.h */ = {isa = PBXFileReference; fileEncoding = 4; lastKnownFileType = sourcecode.c.h; path = FSMState.h; sourceTree = "<group>"; };
		F16CC30F142C0F86001F788B /* FSMState.cc */ = {isa = PBXFileReference; fileEncoding = 4; lastKnownFileType = sourcecode.cpp.cpp; path = FSMState.cc; sourceTree = "<group>"; };
		F16CC311142C10B3001F788B /* FSMActivity.h */ = {isa = PBXFileReference; fileEncoding = 4; lastKnownFileType = sourcecode.c.h; path = FSMActivity.h; sourceTree = "<group>"; };
		F16CC312142C1247001F788B /* FSMActivity.cc */ = {isa = PBXFileReference; fileEncoding = 4; lastKnownFileType = sourcecode.cpp.cpp; path = FSMActivity.cc; sourceTree = "<group>"; };
		F16CC314142C146B001F788B /* FSMAction.h */ = {isa = PBXFileReference; fileEncoding = 4; lastKnownFileType = sourcecode.c.h; path = FSMAction.h; sourceTree = "<group>"; };
		F16CC31A142C2AD9001F788B /* FSMTest.octest */ = {isa = PBXFileReference; explicitFileType = wrapper.cfbundle; includeInIndex = 0; path = FSMTest.octest; sourceTree = BUILT_PRODUCTS_DIR; };
		F16CC31C142C2AD9001F788B /* SenTestingKit.framework */ = {isa = PBXFileReference; lastKnownFileType = wrapper.framework; name = SenTestingKit.framework; path = Library/Frameworks/SenTestingKit.framework; sourceTree = DEVELOPER_DIR; };
		F16CC31E142C2AD9001F788B /* Cocoa.framework */ = {isa = PBXFileReference; lastKnownFileType = wrapper.framework; name = Cocoa.framework; path = Library/Frameworks/Cocoa.framework; sourceTree = DEVELOPER_DIR; };
		F16CC321142C2AD9001F788B /* AppKit.framework */ = {isa = PBXFileReference; lastKnownFileType = wrapper.framework; name = AppKit.framework; path = Library/Frameworks/AppKit.framework; sourceTree = SDKROOT; };
		F16CC322142C2AD9001F788B /* CoreData.framework */ = {isa = PBXFileReference; lastKnownFileType = wrapper.framework; name = CoreData.framework; path = Library/Frameworks/CoreData.framework; sourceTree = SDKROOT; };
		F16CC323142C2AD9001F788B /* Foundation.framework */ = {isa = PBXFileReference; lastKnownFileType = wrapper.framework; name = Foundation.framework; path = Library/Frameworks/Foundation.framework; sourceTree = SDKROOT; };
		F16CC326142C2AD9001F788B /* FSMTest-Info.plist */ = {isa = PBXFileReference; lastKnownFileType = text.plist.xml; path = "FSMTest-Info.plist"; sourceTree = "<group>"; };
		F16CC328142C2AD9001F788B /* en */ = {isa = PBXFileReference; lastKnownFileType = text.plist.strings; name = en; path = en.lproj/InfoPlist.strings; sourceTree = "<group>"; };
		F16CC32A142C2AD9001F788B /* FSMTest.h */ = {isa = PBXFileReference; lastKnownFileType = sourcecode.c.h; path = FSMTest.h; sourceTree = "<group>"; };
		F16CC32B142C2AD9001F788B /* FSMTest.mm */ = {isa = PBXFileReference; lastKnownFileType = sourcecode.cpp.objcpp; path = FSMTest.mm; sourceTree = "<group>"; };
		F16CC32D142C2AD9001F788B /* FSMTest-Prefix.pch */ = {isa = PBXFileReference; lastKnownFileType = sourcecode.c.h; path = "FSMTest-Prefix.pch"; sourceTree = "<group>"; };
		F16CC334142C3433001F788B /* FSMAction.cc */ = {isa = PBXFileReference; fileEncoding = 4; lastKnownFileType = sourcecode.cpp.cpp; path = FSMAction.cc; sourceTree = "<group>"; };
/* End PBXFileReference section */

/* Begin PBXFrameworksBuildPhase section */
		F16CC2F7142C0C01001F788B /* Frameworks */ = {
			isa = PBXFrameworksBuildPhase;
			buildActionMask = 2147483647;
			files = (
			);
			runOnlyForDeploymentPostprocessing = 0;
		};
		F16CC316142C2AD9001F788B /* Frameworks */ = {
			isa = PBXFrameworksBuildPhase;
			buildActionMask = 2147483647;
			files = (
				F16CC31D142C2AD9001F788B /* SenTestingKit.framework in Frameworks */,
				F16CC31F142C2AD9001F788B /* Cocoa.framework in Frameworks */,
			);
			runOnlyForDeploymentPostprocessing = 0;
		};
/* End PBXFrameworksBuildPhase section */

/* Begin PBXGroup section */
		F16CC2EF142C0C01001F788B = {
			isa = PBXGroup;
			children = (
				F16CC2FD142C0C01001F788B /* gufsm */,
				F16CC324142C2AD9001F788B /* FSMTest */,
				F16CC31B142C2AD9001F788B /* Frameworks */,
				F16CC2FB142C0C01001F788B /* Products */,
			);
			sourceTree = "<group>";
		};
		F16CC2FB142C0C01001F788B /* Products */ = {
			isa = PBXGroup;
			children = (
				F16CC2FA142C0C01001F788B /* gufsm */,
				F16CC31A142C2AD9001F788B /* FSMTest.octest */,
			);
			name = Products;
			sourceTree = "<group>";
		};
		F16CC2FD142C0C01001F788B /* gufsm */ = {
			isa = PBXGroup;
			children = (
				F16CC2FE142C0C01001F788B /* main.cpp */,
				F16CC300142C0C01001F788B /* gufsm.1 */,
				F16CC30B142C0CDE001F788B /* FSM.cc */,
				F16CC30D142C0CE6001F788B /* FSM.h */,
				F16CC314142C146B001F788B /* FSMAction.h */,
				F16CC334142C3433001F788B /* FSMAction.cc */,
				F16CC312142C1247001F788B /* FSMActivity.cc */,
				F16CC311142C10B3001F788B /* FSMActivity.h */,
				F16CC30F142C0F86001F788B /* FSMState.cc */,
				F16CC30E142C0F62001F788B /* FSMState.h */,
			);
			path = gufsm;
			sourceTree = "<group>";
		};
		F16CC31B142C2AD9001F788B /* Frameworks */ = {
			isa = PBXGroup;
			children = (
				F16CC31C142C2AD9001F788B /* SenTestingKit.framework */,
				F16CC31E142C2AD9001F788B /* Cocoa.framework */,
				F16CC320142C2AD9001F788B /* Other Frameworks */,
			);
			name = Frameworks;
			sourceTree = "<group>";
		};
		F16CC320142C2AD9001F788B /* Other Frameworks */ = {
			isa = PBXGroup;
			children = (
				F16CC321142C2AD9001F788B /* AppKit.framework */,
				F16CC322142C2AD9001F788B /* CoreData.framework */,
				F16CC323142C2AD9001F788B /* Foundation.framework */,
			);
			name = "Other Frameworks";
			sourceTree = "<group>";
		};
		F16CC324142C2AD9001F788B /* FSMTest */ = {
			isa = PBXGroup;
			children = (
				F16CC32A142C2AD9001F788B /* FSMTest.h */,
				F16CC32B142C2AD9001F788B /* FSMTest.mm */,
				F16CC325142C2AD9001F788B /* Supporting Files */,
			);
			path = FSMTest;
			sourceTree = "<group>";
		};
		F16CC325142C2AD9001F788B /* Supporting Files */ = {
			isa = PBXGroup;
			children = (
				F16CC326142C2AD9001F788B /* FSMTest-Info.plist */,
				F16CC327142C2AD9001F788B /* InfoPlist.strings */,
				F16CC32D142C2AD9001F788B /* FSMTest-Prefix.pch */,
			);
			name = "Supporting Files";
			sourceTree = "<group>";
		};
/* End PBXGroup section */

/* Begin PBXNativeTarget section */
		F16CC2F9142C0C01001F788B /* gufsm */ = {
			isa = PBXNativeTarget;
			buildConfigurationList = F16CC304142C0C01001F788B /* Build configuration list for PBXNativeTarget "gufsm" */;
			buildPhases = (
				F16CC2F6142C0C01001F788B /* Sources */,
				F16CC2F7142C0C01001F788B /* Frameworks */,
				F16CC2F8142C0C01001F788B /* CopyFiles */,
			);
			buildRules = (
			);
			dependencies = (
			);
			name = gufsm;
			productName = gufsm;
			productReference = F16CC2FA142C0C01001F788B /* gufsm */;
			productType = "com.apple.product-type.tool";
		};
		F16CC319142C2AD9001F788B /* FSMTest */ = {
			isa = PBXNativeTarget;
			buildConfigurationList = F16CC32E142C2AD9001F788B /* Build configuration list for PBXNativeTarget "FSMTest" */;
			buildPhases = (
				F16CC315142C2AD9001F788B /* Sources */,
				F16CC316142C2AD9001F788B /* Frameworks */,
				F16CC317142C2AD9001F788B /* Resources */,
				F16CC318142C2AD9001F788B /* ShellScript */,
			);
			buildRules = (
			);
			dependencies = (
			);
			name = FSMTest;
			productName = FSMTest;
			productReference = F16CC31A142C2AD9001F788B /* FSMTest.octest */;
			productType = "com.apple.product-type.bundle";
		};
/* End PBXNativeTarget section */

/* Begin PBXProject section */
		F16CC2F1142C0C01001F788B /* Project object */ = {
			isa = PBXProject;
			attributes = {
				LastUpgradeCheck = 0420;
				ORGANIZATIONNAME = ICT;
			};
			buildConfigurationList = F16CC2F4142C0C01001F788B /* Build configuration list for PBXProject "gufsm" */;
			compatibilityVersion = "Xcode 3.2";
			developmentRegion = English;
			hasScannedForEncodings = 0;
			knownRegions = (
				en,
			);
			mainGroup = F16CC2EF142C0C01001F788B;
			productRefGroup = F16CC2FB142C0C01001F788B /* Products */;
			projectDirPath = "";
			projectRoot = "";
			targets = (
				F16CC2F9142C0C01001F788B /* gufsm */,
				F16CC319142C2AD9001F788B /* FSMTest */,
			);
		};
/* End PBXProject section */

/* Begin PBXResourcesBuildPhase section */
		F16CC317142C2AD9001F788B /* Resources */ = {
			isa = PBXResourcesBuildPhase;
			buildActionMask = 2147483647;
			files = (
				F16CC329142C2AD9001F788B /* InfoPlist.strings in Resources */,
			);
			runOnlyForDeploymentPostprocessing = 0;
		};
/* End PBXResourcesBuildPhase section */

/* Begin PBXShellScriptBuildPhase section */
		F16CC318142C2AD9001F788B /* ShellScript */ = {
			isa = PBXShellScriptBuildPhase;
			buildActionMask = 2147483647;
			files = (
			);
			inputPaths = (
			);
			outputPaths = (
			);
			runOnlyForDeploymentPostprocessing = 0;
			shellPath = /bin/sh;
			shellScript = "# Run the unit tests in this test bundle.\n\"${SYSTEM_DEVELOPER_DIR}/Tools/RunUnitTests\"\n";
		};
/* End PBXShellScriptBuildPhase section */

/* Begin PBXSourcesBuildPhase section */
		F16CC2F6142C0C01001F788B /* Sources */ = {
			isa = PBXSourcesBuildPhase;
			buildActionMask = 2147483647;
			files = (
				F16CC2FF142C0C01001F788B /* main.cpp in Sources */,
				F16CC30C142C0CDE001F788B /* FSM.cc in Sources */,
				F16CC310142C0F86001F788B /* FSMState.cc in Sources */,
				F16CC313142C1247001F788B /* FSMActivity.cc in Sources */,
				F16CC335142C3433001F788B /* FSMAction.cc in Sources */,
			);
			runOnlyForDeploymentPostprocessing = 0;
		};
		F16CC315142C2AD9001F788B /* Sources */ = {
			isa = PBXSourcesBuildPhase;
			buildActionMask = 2147483647;
			files = (
				F16CC32C142C2AD9001F788B /* FSMTest.mm in Sources */,
				F16CC331142C2B88001F788B /* FSM.cc in Sources */,
				F16CC332142C2B88001F788B /* FSMActivity.cc in Sources */,
				F16CC333142C2B88001F788B /* FSMState.cc in Sources */,
				F16CC336142C390D001F788B /* FSMAction.cc in Sources */,
			);
			runOnlyForDeploymentPostprocessing = 0;
		};
/* End PBXSourcesBuildPhase section */

/* Begin PBXVariantGroup section */
		F16CC327142C2AD9001F788B /* InfoPlist.strings */ = {
			isa = PBXVariantGroup;
			children = (
				F16CC328142C2AD9001F788B /* en */,
			);
			name = InfoPlist.strings;
			sourceTree = "<group>";
		};
/* End PBXVariantGroup section */

/* Begin XCBuildConfiguration section */
		F16CC302142C0C01001F788B /* Debug */ = {
			isa = XCBuildConfiguration;
			buildSettings = {
				ALWAYS_SEARCH_USER_PATHS = NO;
				ARCHS = "$(ARCHS_STANDARD_64_BIT)";
				COPY_PHASE_STRIP = NO;
				GCC_C_LANGUAGE_STANDARD = gnu99;
				GCC_DYNAMIC_NO_PIC = NO;
				GCC_ENABLE_OBJC_EXCEPTIONS = YES;
				GCC_OPTIMIZATION_LEVEL = 0;
				GCC_PREPROCESSOR_DEFINITIONS = (
					"DEBUG=1",
					"$(inherited)",
				);
				GCC_SYMBOLS_PRIVATE_EXTERN = NO;
				GCC_VERSION = com.apple.compilers.llvm.clang.1_0;
				GCC_WARN_64_TO_32_BIT_CONVERSION = YES;
				GCC_WARN_ABOUT_MISSING_PROTOTYPES = YES;
				GCC_WARN_ABOUT_RETURN_TYPE = YES;
				GCC_WARN_UNUSED_VARIABLE = YES;
				MACOSX_DEPLOYMENT_TARGET = 10.7;
				ONLY_ACTIVE_ARCH = YES;
				SDKROOT = macosx;
			};
			name = Debug;
		};
		F16CC303142C0C01001F788B /* Release */ = {
			isa = XCBuildConfiguration;
			buildSettings = {
				ALWAYS_SEARCH_USER_PATHS = NO;
				ARCHS = "$(ARCHS_STANDARD_64_BIT)";
				COPY_PHASE_STRIP = YES;
				DEBUG_INFORMATION_FORMAT = "dwarf-with-dsym";
				GCC_C_LANGUAGE_STANDARD = gnu99;
				GCC_ENABLE_OBJC_EXCEPTIONS = YES;
				GCC_VERSION = com.apple.compilers.llvm.clang.1_0;
				GCC_WARN_64_TO_32_BIT_CONVERSION = YES;
				GCC_WARN_ABOUT_MISSING_PROTOTYPES = YES;
				GCC_WARN_ABOUT_RETURN_TYPE = YES;
				GCC_WARN_UNUSED_VARIABLE = YES;
				MACOSX_DEPLOYMENT_TARGET = 10.7;
				SDKROOT = macosx;
			};
			name = Release;
		};
		F16CC305142C0C01001F788B /* Debug */ = {
			isa = XCBuildConfiguration;
			buildSettings = {
				PRODUCT_NAME = "$(TARGET_NAME)";
			};
			name = Debug;
		};
		F16CC306142C0C01001F788B /* Release */ = {
			isa = XCBuildConfiguration;
			buildSettings = {
				PRODUCT_NAME = "$(TARGET_NAME)";
			};
			name = Release;
		};
		F16CC32F142C2AD9001F788B /* Debug */ = {
			isa = XCBuildConfiguration;
			buildSettings = {
				FRAMEWORK_SEARCH_PATHS = "$(DEVELOPER_LIBRARY_DIR)/Frameworks";
				GCC_PRECOMPILE_PREFIX_HEADER = YES;
				GCC_PREFIX_HEADER = "FSMTest/FSMTest-Prefix.pch";
				INFOPLIST_FILE = "FSMTest/FSMTest-Info.plist";
				PRODUCT_NAME = "$(TARGET_NAME)";
				WRAPPER_EXTENSION = octest;
			};
			name = Debug;
		};
		F16CC330142C2AD9001F788B /* Release */ = {
			isa = XCBuildConfiguration;
			buildSettings = {
				FRAMEWORK_SEARCH_PATHS = "$(DEVELOPER_LIBRARY_DIR)/Frameworks";
				GCC_PRECOMPILE_PREFIX_HEADER = YES;
				GCC_PREFIX_HEADER = "FSMTest/FSMTest-Prefix.pch";
				INFOPLIST_FILE = "FSMTest/FSMTest-Info.plist";
				PRODUCT_NAME = "$(TARGET_NAME)";
				WRAPPER_EXTENSION = octest;
			};
			name = Release;
		};
/* End XCBuildConfiguration section */

/* Begin XCConfigurationList section */
		F16CC2F4142C0C01001F788B /* Build configuration list for PBXProject "gufsm" */ = {
			isa = XCConfigurationList;
			buildConfigurations = (
				F16CC302142C0C01001F788B /* Debug */,
				F16CC303142C0C01001F788B /* Release */,
			);
			defaultConfigurationIsVisible = 0;
			defaultConfigurationName = Release;
		};
		F16CC304142C0C01001F788B /* Build configuration list for PBXNativeTarget "gufsm" */ = {
			isa = XCConfigurationList;
			buildConfigurations = (
				F16CC305142C0C01001F788B /* Debug */,
				F16CC306142C0C01001F788B /* Release */,
			);
			defaultConfigurationIsVisible = 0;
		};
		F16CC32E142C2AD9001F788B /* Build configuration list for PBXNativeTarget "FSMTest" */ = {
			isa = XCConfigurationList;
			buildConfigurations = (
				F16CC32F142C2AD9001F788B /* Debug */,
				F16CC330142C2AD9001F788B /* Release */,
			);
			defaultConfigurationIsVisible = 0;
		};
/* End XCConfigurationList section */
	};
	rootObject = F16CC2F1142C0C01001F788B /* Project object */;
}
