// !$*UTF8*$!
{
	archiveVersion = 1;
	classes = {
	};
	objectVersion = 46;
	objects = {

/* Begin PBXBuildFile section */
		E118419614BC048F00B2205B /* main.c in Sources */ = {isa = PBXBuildFile; fileRef = E118419514BC048F00B2205B /* main.c */; };
		E118419814BC048F00B2205B /* fsmWbModuleDependencyDump.1 in CopyFiles */ = {isa = PBXBuildFile; fileRef = E118419714BC048F00B2205B /* fsmWbModuleDependencyDump.1 */; };
/* End PBXBuildFile section */

/* Begin PBXCopyFilesBuildPhase section */
		E118418F14BC048F00B2205B /* CopyFiles */ = {
			isa = PBXCopyFilesBuildPhase;
			buildActionMask = 2147483647;
			dstPath = /usr/share/man/man1/;
			dstSubfolderSpec = 0;
			files = (
				E118419814BC048F00B2205B /* fsmWbModuleDependencyDump.1 in CopyFiles */,
			);
			runOnlyForDeploymentPostprocessing = 1;
		};
/* End PBXCopyFilesBuildPhase section */

/* Begin PBXFileReference section */
		E118419114BC048F00B2205B /* fsmWbModuleDependencyDump */ = {isa = PBXFileReference; explicitFileType = "compiled.mach-o.executable"; includeInIndex = 0; path = fsmWbModuleDependencyDump; sourceTree = BUILT_PRODUCTS_DIR; };
		E118419514BC048F00B2205B /* main.c */ = {isa = PBXFileReference; lastKnownFileType = sourcecode.c.c; path = main.c; sourceTree = "<group>"; };
		E118419714BC048F00B2205B /* fsmWbModuleDependencyDump.1 */ = {isa = PBXFileReference; lastKnownFileType = text.man; path = fsmWbModuleDependencyDump.1; sourceTree = "<group>"; };
/* End PBXFileReference section */

/* Begin PBXFrameworksBuildPhase section */
		E118418E14BC048F00B2205B /* Frameworks */ = {
			isa = PBXFrameworksBuildPhase;
			buildActionMask = 2147483647;
			files = (
			);
			runOnlyForDeploymentPostprocessing = 0;
		};
/* End PBXFrameworksBuildPhase section */

/* Begin PBXGroup section */
		E118418614BC048F00B2205B = {
			isa = PBXGroup;
			children = (
				E118419414BC048F00B2205B /* fsmWbModuleDependencyDump */,
				E118419214BC048F00B2205B /* Products */,
			);
			sourceTree = "<group>";
		};
		E118419214BC048F00B2205B /* Products */ = {
			isa = PBXGroup;
			children = (
				E118419114BC048F00B2205B /* fsmWbModuleDependencyDump */,
			);
			name = Products;
			sourceTree = "<group>";
		};
		E118419414BC048F00B2205B /* fsmWbModuleDependencyDump */ = {
			isa = PBXGroup;
			children = (
				E118419514BC048F00B2205B /* main.c */,
				E118419714BC048F00B2205B /* fsmWbModuleDependencyDump.1 */,
			);
			path = fsmWbModuleDependencyDump;
			sourceTree = "<group>";
		};
/* End PBXGroup section */

/* Begin PBXNativeTarget section */
		E118419014BC048F00B2205B /* fsmWbModuleDependencyDump */ = {
			isa = PBXNativeTarget;
			buildConfigurationList = E118419B14BC048F00B2205B /* Build configuration list for PBXNativeTarget "fsmWbModuleDependencyDump" */;
			buildPhases = (
				E118418D14BC048F00B2205B /* Sources */,
				E118418E14BC048F00B2205B /* Frameworks */,
				E118418F14BC048F00B2205B /* CopyFiles */,
			);
			buildRules = (
			);
			dependencies = (
			);
			name = fsmWbModuleDependencyDump;
			productName = fsmWbModuleDependencyDump;
			productReference = E118419114BC048F00B2205B /* fsmWbModuleDependencyDump */;
			productType = "com.apple.product-type.tool";
		};
/* End PBXNativeTarget section */

/* Begin PBXProject section */
		E118418814BC048F00B2205B /* Project object */ = {
			isa = PBXProject;
			attributes = {
				LastUpgradeCheck = 0420;
			};
			buildConfigurationList = E118418B14BC048F00B2205B /* Build configuration list for PBXProject "fsmWbModuleDependencyDump" */;
			compatibilityVersion = "Xcode 3.2";
			developmentRegion = English;
			hasScannedForEncodings = 0;
			knownRegions = (
				en,
			);
			mainGroup = E118418614BC048F00B2205B;
			productRefGroup = E118419214BC048F00B2205B /* Products */;
			projectDirPath = "";
			projectRoot = "";
			targets = (
				E118419014BC048F00B2205B /* fsmWbModuleDependencyDump */,
			);
		};
/* End PBXProject section */

/* Begin PBXSourcesBuildPhase section */
		E118418D14BC048F00B2205B /* Sources */ = {
			isa = PBXSourcesBuildPhase;
			buildActionMask = 2147483647;
			files = (
				E118419614BC048F00B2205B /* main.c in Sources */,
			);
			runOnlyForDeploymentPostprocessing = 0;
		};
/* End PBXSourcesBuildPhase section */

/* Begin XCBuildConfiguration section */
		E118419914BC048F00B2205B /* Debug */ = {
			isa = XCBuildConfiguration;
			buildSettings = {
				ALWAYS_SEARCH_USER_PATHS = NO;
				ARCHS = "$(ARCHS_STANDARD_64_BIT)";
				COPY_PHASE_STRIP = NO;
				GCC_C_LANGUAGE_STANDARD = gnu99;
				GCC_DYNAMIC_NO_PIC = NO;
				GCC_ENABLE_OBJC_EXCEPTIONS = YES;
				GCC_OPTIMIZATION_LEVEL = 0;
				GCC_PREPROCESSOR_DEFINITIONS = (
					"DEBUG=1",
					"$(inherited)",
				);
				GCC_SYMBOLS_PRIVATE_EXTERN = NO;
				GCC_VERSION = com.apple.compilers.llvm.clang.1_0;
				GCC_WARN_64_TO_32_BIT_CONVERSION = YES;
				GCC_WARN_ABOUT_MISSING_PROTOTYPES = YES;
				GCC_WARN_ABOUT_RETURN_TYPE = YES;
				GCC_WARN_UNUSED_VARIABLE = YES;
				MACOSX_DEPLOYMENT_TARGET = 10.7;
				ONLY_ACTIVE_ARCH = YES;
				SDKROOT = macosx;
			};
			name = Debug;
		};
		E118419A14BC048F00B2205B /* Release */ = {
			isa = XCBuildConfiguration;
			buildSettings = {
				ALWAYS_SEARCH_USER_PATHS = NO;
				ARCHS = "$(ARCHS_STANDARD_64_BIT)";
				COPY_PHASE_STRIP = YES;
				DEBUG_INFORMATION_FORMAT = "dwarf-with-dsym";
				GCC_C_LANGUAGE_STANDARD = gnu99;
				GCC_ENABLE_OBJC_EXCEPTIONS = YES;
				GCC_VERSION = com.apple.compilers.llvm.clang.1_0;
				GCC_WARN_64_TO_32_BIT_CONVERSION = YES;
				GCC_WARN_ABOUT_MISSING_PROTOTYPES = YES;
				GCC_WARN_ABOUT_RETURN_TYPE = YES;
				GCC_WARN_UNUSED_VARIABLE = YES;
				MACOSX_DEPLOYMENT_TARGET = 10.7;
				SDKROOT = macosx;
			};
			name = Release;
		};
		E118419C14BC048F00B2205B /* Debug */ = {
			isa = XCBuildConfiguration;
			buildSettings = {
				PRODUCT_NAME = "$(TARGET_NAME)";
			};
			name = Debug;
		};
		E118419D14BC048F00B2205B /* Release */ = {
			isa = XCBuildConfiguration;
			buildSettings = {
				PRODUCT_NAME = "$(TARGET_NAME)";
			};
			name = Release;
		};
/* End XCBuildConfiguration section */

/* Begin XCConfigurationList section */
		E118418B14BC048F00B2205B /* Build configuration list for PBXProject "fsmWbModuleDependencyDump" */ = {
			isa = XCConfigurationList;
			buildConfigurations = (
				E118419914BC048F00B2205B /* Debug */,
				E118419A14BC048F00B2205B /* Release */,
			);
			defaultConfigurationIsVisible = 0;
			defaultConfigurationName = Release;
		};
		E118419B14BC048F00B2205B /* Build configuration list for PBXNativeTarget "fsmWbModuleDependencyDump" */ = {
			isa = XCConfigurationList;
			buildConfigurations = (
				E118419C14BC048F00B2205B /* Debug */,
				E118419D14BC048F00B2205B /* Release */,
			);
			defaultConfigurationIsVisible = 0;
		};
/* End XCConfigurationList section */
	};
	rootObject = E118418814BC048F00B2205B /* Project object */;
}
