<?xml version="1.0" encoding="UTF-8"?>
<Scheme
   version = "1.3">
   <BuildAction>
      <BuildActionEntries>
         <BuildActionEntry
            buildForRunning = "YES">
            <BuildableReference
               BuildableIdentifier = "primary"
               BlueprintIdentifier = "F1AE8BAC1332ADF800E8F7AB"
               BuildableName = "qfsm2gu"
               BlueprintName = "qfsm2gu"
               ReferencedContainer = "container:qfsm2gu.xcodeproj">
            </BuildableReference>
         </BuildActionEntry>
      </BuildActionEntries>
   </BuildAction>
   <LaunchAction
      useCustomWorkingDirectory = "YES"
      customWorkingDirectory = "$(SRCROOT)/../Examples/"
      buildConfiguration = "Release">
      <BuildableProductRunnable>
         <BuildableReference
            BuildableIdentifier = "primary"
            BlueprintIdentifier = "F1AE8BAC1332ADF800E8F7AB"
            BuildableName = "qfsm2gu"
            BlueprintName = "qfsm2gu"
            ReferencedContainer = "container:qfsm2gu.xcodeproj">
         </BuildableReference>
      </BuildableProductRunnable>
      <CommandLineArguments>
         <CommandLineArgument
            argument = "-v"
            isEnabled = "YES">
         </CommandLineArgument>
         <CommandLineArgument
            argument = "/Users/rh/docs/papers/BcnInv.d/severalFSM.d/IEEEtse.d/EXAMPLES/MicrowaveAnalysis.d/MicrowaveTimer.fsm"
            isEnabled = "YES">
         </CommandLineArgument>
      </CommandLineArguments>
   </LaunchAction>
</Scheme>
