<?xml version="1.0" encoding="UTF-8"?>
<Scheme
   version = "1.3">
   <BuildAction>
      <BuildActionEntries>
         <BuildActionEntry
            buildForRunning = "YES">
            <BuildableReference
               BuildableIdentifier = "primary"
               BlueprintIdentifier = "F1A517CB15C91BDC00348C25"
               BuildableName = "clfsm"
               BlueprintName = "clfsm"
               ReferencedContainer = "container:gufsm.xcodeproj">
            </BuildableReference>
         </BuildActionEntry>
      </BuildActionEntries>
   </BuildAction>
   <LaunchAction
      useCustomWorkingDirectory = "NO"
      buildConfiguration = "Debug">
      <BuildableProductRunnable>
         <BuildableReference
            BuildableIdentifier = "primary"
            BlueprintIdentifier = "F1A517CB15C91BDC00348C25"
            BuildableName = "clfsm"
            BlueprintName = "clfsm"
            ReferencedContainer = "container:gufsm.xcodeproj">
         </BuildableReference>
      </BuildableProductRunnable>
      <CommandLineArguments>
         <CommandLineArgument
            argument = "-L$(BUILT_PRODUCTS_DIR)"
            isEnabled = "YES">
         </CommandLineArgument>
         <CommandLineArgument
            argument = "-L/usr/local/lib"
            isEnabled = "YES">
         </CommandLineArgument>
         <CommandLineArgument
            argument = "-I$(SRCROOT)"
            isEnabled = "YES">
         </CommandLineArgument>
         <CommandLineArgument
            argument = "-I$(SRCROOT)/clfsm"
            isEnabled = "YES">
         </CommandLineArgument>
         <CommandLineArgument
            argument = "-I$(SRCROOT)/../gusimplewhiteboard"
            isEnabled = "YES">
         </CommandLineArgument>
         <CommandLineArgument
            argument = "-I$(SRCROOT)/../../Common"
            isEnabled = "YES">
         </CommandLineArgument>
         <CommandLineArgument
            argument = "-lclfsm"
            isEnabled = "YES">
         </CommandLineArgument>
         <CommandLineArgument
            argument = "-t"
            isEnabled = "YES">
         </CommandLineArgument>
         <CommandLineArgument
            argument = "$(SRCROOT)/clfsm/examples/PingPongCLFSM.machine"
            isEnabled = "YES">
         </CommandLineArgument>
      </CommandLineArguments>
   </LaunchAction>
</Scheme>
