<?xml version="1.0" encoding="UTF-8" standalone="yes" ?>
<CodeBlocks_project_file>
	<FileVersion major="1" minor="6" />
	<Project>
		<Option title="epuckMeanderLinesByGSM.machine" />
		<Option pch_mode="2" />
		<Option compiler="clang" />
		<Option virtualFolders="catkin/;MiCase_MiEdit/;Sources/;" />
		<Build>
			<Target title="Debug">
				<Option output="bin/Debug/epuckMeanderLinesByGSM" prefix_auto="1" extension_auto="1" />
				<Option object_output="obj/Debug/" />
				<Option type="1" />
				<Option compiler="clang" />
				<Compiler>
					<Add option="-g" />
				</Compiler>
			</Target>
			<Target title="Release">
				<Option output="epuckMeanderLinesByGSM" prefix_auto="1" extension_auto="1" />
				<Option object_output="obj/Release/" />
				<Option type="1" />
				<Option compiler="clang" />
				<Compiler>
					<Add option="-O2" />
				</Compiler>
				<Linker>
					<Add option="-s" />
				</Linker>
			</Target>
		</Build>
		<Compiler>
			<Add option="-Weverything" />
		</Compiler>
		<Unit filename="CMakeLists.txt">
			<Option virtualFolder="catkin/" />
		</Unit>
		<Unit filename="IncludePath" />
		<Unit filename="Layout.plist">
			<Option virtualFolder="MiCase_MiEdit/" />
		</Unit>
		<Unit filename="State_Align.h" />
		<Unit filename="State_Align.mm" />
		<Unit filename="State_Align_After_Left_Turn.h" />
		<Unit filename="State_Align_After_Left_Turn.mm" />
		<Unit filename="State_Align_After_Left_Turn_Includes.h" />
		<Unit filename="State_Align_After_Left_Turn_Internal.mm" />
		<Unit filename="State_Align_After_Left_Turn_OnEntry.mm" />
		<Unit filename="State_Align_After_Left_Turn_OnExit.mm" />
		<Unit filename="State_Align_After_Left_Turn_Transition_0.expr" />
		<Unit filename="State_Align_After_Left_Turn_Transition_1.expr" />
		<Unit filename="State_Align_After_Left_Turn_VarRefs.mm" />
		<Unit filename="State_Align_After_Left_Turn_Variables.h" />
		<Unit filename="State_Align_After_Right_Turn.h" />
		<Unit filename="State_Align_After_Right_Turn.mm" />
		<Unit filename="State_Align_After_Right_Turn_Includes.h" />
		<Unit filename="State_Align_After_Right_Turn_Internal.mm" />
		<Unit filename="State_Align_After_Right_Turn_OnEntry.mm" />
		<Unit filename="State_Align_After_Right_Turn_OnExit.mm" />
		<Unit filename="State_Align_After_Right_Turn_Transition_0.expr" />
		<Unit filename="State_Align_After_Right_Turn_Transition_1.expr" />
		<Unit filename="State_Align_After_Right_Turn_VarRefs.mm" />
		<Unit filename="State_Align_After_Right_Turn_Variables.h" />
		<Unit filename="State_Align_Beyond_Intersection.h" />
		<Unit filename="State_Align_Beyond_Intersection.mm" />
		<Unit filename="State_Align_Beyond_Intersection_Includes.h" />
		<Unit filename="State_Align_Beyond_Intersection_Internal.mm" />
		<Unit filename="State_Align_Beyond_Intersection_OnEntry.mm" />
		<Unit filename="State_Align_Beyond_Intersection_OnExit.mm" />
		<Unit filename="State_Align_Beyond_Intersection_Transition_0.expr" />
		<Unit filename="State_Align_Beyond_Intersection_VarRefs.mm" />
		<Unit filename="State_Align_Beyond_Intersection_Variables.h" />
		<Unit filename="State_Align_In_Intersection.h" />
		<Unit filename="State_Align_In_Intersection.mm" />
		<Unit filename="State_Align_In_Intersection_Includes.h" />
		<Unit filename="State_Align_In_Intersection_Internal.mm" />
		<Unit filename="State_Align_In_Intersection_OnEntry.mm" />
		<Unit filename="State_Align_In_Intersection_OnExit.mm" />
		<Unit filename="State_Align_In_Intersection_Transition_0.expr" />
		<Unit filename="State_Align_In_Intersection_VarRefs.mm" />
		<Unit filename="State_Align_In_Intersection_Variables.h" />
		<Unit filename="State_Align_Includes.h" />
		<Unit filename="State_Align_Internal.mm" />
		<Unit filename="State_Align_OnEntry.mm" />
		<Unit filename="State_Align_OnExit.mm" />
		<Unit filename="State_Align_To_Left_Beyond_Intersection.h" />
		<Unit filename="State_Align_To_Left_Beyond_Intersection.mm" />
		<Unit filename="State_Align_To_Left_Beyond_Intersection_Includes.h" />
		<Unit filename="State_Align_To_Left_Beyond_Intersection_Internal.mm" />
		<Unit filename="State_Align_To_Left_Beyond_Intersection_OnEntry.mm" />
		<Unit filename="State_Align_To_Left_Beyond_Intersection_OnExit.mm" />
		<Unit filename="State_Align_To_Left_Beyond_Intersection_VarRefs.mm" />
		<Unit filename="State_Align_To_Left_Beyond_Intersection_Variables.h" />
		<Unit filename="State_Align_Transition_0.expr" />
		<Unit filename="State_Align_Transition_1.expr" />
		<Unit filename="State_Align_Transition_2.expr" />
		<Unit filename="State_Align_VarRefs.mm" />
		<Unit filename="State_Align_Variables.h" />
		<Unit filename="State_CentreGS_Detects_Intersection.h" />
		<Unit filename="State_CentreGS_Detects_Intersection.mm" />
		<Unit filename="State_CentreGS_Detects_Intersection_Includes.h" />
		<Unit filename="State_CentreGS_Detects_Intersection_Internal.mm" />
		<Unit filename="State_CentreGS_Detects_Intersection_OnEntry.mm" />
		<Unit filename="State_CentreGS_Detects_Intersection_OnExit.mm" />
		<Unit filename="State_CentreGS_Detects_Intersection_Transition_0.expr" />
		<Unit filename="State_CentreGS_Detects_Intersection_VarRefs.mm" />
		<Unit filename="State_CentreGS_Detects_Intersection_Variables.h" />
		<Unit filename="State_CentreGS_Detects_Nothing.h" />
		<Unit filename="State_CentreGS_Detects_Nothing.mm" />
		<Unit filename="State_CentreGS_Detects_Nothing_Includes.h" />
		<Unit filename="State_CentreGS_Detects_Nothing_Internal.mm" />
		<Unit filename="State_CentreGS_Detects_Nothing_OnEntry.mm" />
		<Unit filename="State_CentreGS_Detects_Nothing_OnExit.mm" />
		<Unit filename="State_CentreGS_Detects_Nothing_Transition_0.expr" />
		<Unit filename="State_CentreGS_Detects_Nothing_VarRefs.mm" />
		<Unit filename="State_CentreGS_Detects_Nothing_Variables.h" />
		<Unit filename="State_CentreGS_Detects_Path.h" />
		<Unit filename="State_CentreGS_Detects_Path.mm" />
		<Unit filename="State_CentreGS_Detects_Path_Includes.h" />
		<Unit filename="State_CentreGS_Detects_Path_Internal.mm" />
		<Unit filename="State_CentreGS_Detects_Path_OnEntry.mm" />
		<Unit filename="State_CentreGS_Detects_Path_OnExit.mm" />
		<Unit filename="State_CentreGS_Detects_Path_Transition_0.expr" />
		<Unit filename="State_CentreGS_Detects_Path_VarRefs.mm" />
		<Unit filename="State_CentreGS_Detects_Path_Variables.h" />
		<Unit filename="State_ChooseDirection.h" />
		<Unit filename="State_ChooseDirection.mm" />
		<Unit filename="State_ChooseDirection_Includes.h" />
		<Unit filename="State_ChooseDirection_Internal.mm" />
		<Unit filename="State_ChooseDirection_OnEntry.mm" />
		<Unit filename="State_ChooseDirection_OnExit.mm" />
		<Unit filename="State_ChooseDirection_Transition_0.expr" />
		<Unit filename="State_ChooseDirection_Transition_1.expr" />
		<Unit filename="State_ChooseDirection_Transition_2.expr" />
		<Unit filename="State_ChooseDirection_Transition_3.expr" />
		<Unit filename="State_ChooseDirection_VarRefs.mm" />
		<Unit filename="State_ChooseDirection_Variables.h" />
		<Unit filename="State_Continue.h" />
		<Unit filename="State_Continue_Align_Left.h" />
		<Unit filename="State_Continue_Align_Left.mm" />
		<Unit filename="State_Continue_Align_Left_Includes.h" />
		<Unit filename="State_Continue_Align_Left_Internal.mm" />
		<Unit filename="State_Continue_Align_Left_OnEntry.mm" />
		<Unit filename="State_Continue_Align_Left_OnExit.mm" />
		<Unit filename="State_Continue_Align_Left_Transition_0.expr" />
		<Unit filename="State_Continue_Align_Left_VarRefs.mm" />
		<Unit filename="State_Continue_Align_Left_Variables.h" />
		<Unit filename="State_Continue_Align_Right.h" />
		<Unit filename="State_Continue_Align_Right.mm" />
		<Unit filename="State_Continue_Align_Right_Includes.h" />
		<Unit filename="State_Continue_Align_Right_Internal.mm" />
		<Unit filename="State_Continue_Align_Right_OnEntry.mm" />
		<Unit filename="State_Continue_Align_Right_OnExit.mm" />
		<Unit filename="State_Continue_Align_Right_Transition_0.expr" />
		<Unit filename="State_Continue_Align_Right_VarRefs.mm" />
		<Unit filename="State_Continue_Align_Right_Variables.h" />
		<Unit filename="State_Continue_Forward.h" />
		<Unit filename="State_Continue_Forward.mm" />
		<Unit filename="State_Continue_Forward_Includes.h" />
		<Unit filename="State_Continue_Forward_Internal.mm" />
		<Unit filename="State_Continue_Forward_OnEntry.mm" />
		<Unit filename="State_Continue_Forward_OnExit.mm" />
		<Unit filename="State_Continue_Forward_Transition_0.expr" />
		<Unit filename="State_Continue_Forward_VarRefs.mm" />
		<Unit filename="State_Continue_Forward_Variables.h" />
		<Unit filename="State_Continue_Includes.h" />
		<Unit filename="State_Continue_Variables.h" />
		<Unit filename="State_Determine_Directiion_Left.h" />
		<Unit filename="State_Determine_Directiion_Left.mm" />
		<Unit filename="State_Determine_Directiion_Left_Includes.h" />
		<Unit filename="State_Determine_Directiion_Left_Internal.mm" />
		<Unit filename="State_Determine_Directiion_Left_OnEntry.mm" />
		<Unit filename="State_Determine_Directiion_Left_OnExit.mm" />
		<Unit filename="State_Determine_Directiion_Left_Transition_0.expr" />
		<Unit filename="State_Determine_Directiion_Left_Transition_1.expr" />
		<Unit filename="State_Determine_Directiion_Left_VarRefs.mm" />
		<Unit filename="State_Determine_Directiion_Left_Variables.h" />
		<Unit filename="State_Determine_Direction_Right.h" />
		<Unit filename="State_Determine_Direction_Right.mm" />
		<Unit filename="State_Determine_Direction_Right_Includes.h" />
		<Unit filename="State_Determine_Direction_Right_Internal.mm" />
		<Unit filename="State_Determine_Direction_Right_OnEntry.mm" />
		<Unit filename="State_Determine_Direction_Right_OnExit.mm" />
		<Unit filename="State_Determine_Direction_Right_Transition_0.expr" />
		<Unit filename="State_Determine_Direction_Right_Transition_1.expr" />
		<Unit filename="State_Determine_Direction_Right_VarRefs.mm" />
		<Unit filename="State_Determine_Direction_Right_Variables.h" />
		<Unit filename="State_Determine_Direction_Straight.h" />
		<Unit filename="State_Determine_Direction_Straight.mm" />
		<Unit filename="State_Determine_Direction_Straight_Includes.h" />
		<Unit filename="State_Determine_Direction_Straight_Internal.mm" />
		<Unit filename="State_Determine_Direction_Straight_OnEntry.mm" />
		<Unit filename="State_Determine_Direction_Straight_OnExit.mm" />
		<Unit filename="State_Determine_Direction_Straight_Transition_0.expr" />
		<Unit filename="State_Determine_Direction_Straight_Transition_1.expr" />
		<Unit filename="State_Determine_Direction_Straight_Transition_2.expr" />
		<Unit filename="State_Determine_Direction_Straight_VarRefs.mm" />
		<Unit filename="State_Determine_Direction_Straight_Variables.h" />
		<Unit filename="State_Entering_Intersection.h" />
		<Unit filename="State_Entering_Intersection.mm" />
		<Unit filename="State_Entering_Intersection_Includes.h" />
		<Unit filename="State_Entering_Intersection_Internal.mm" />
		<Unit filename="State_Entering_Intersection_OnEntry.mm" />
		<Unit filename="State_Entering_Intersection_OnExit.mm" />
		<Unit filename="State_Entering_Intersection_Transition_0.expr" />
		<Unit filename="State_Entering_Intersection_VarRefs.mm" />
		<Unit filename="State_Entering_Intersection_Variables.h" />
		<Unit filename="State_Forward.h" />
		<Unit filename="State_Forward.mm" />
		<Unit filename="State_Forward_Feedback.h" />
		<Unit filename="State_Forward_Feedback.mm" />
		<Unit filename="State_Forward_Feedback_Includes.h" />
		<Unit filename="State_Forward_Feedback_Internal.mm" />
		<Unit filename="State_Forward_Feedback_OnEntry.mm" />
		<Unit filename="State_Forward_Feedback_OnExit.mm" />
		<Unit filename="State_Forward_Feedback_Transition_0.expr" />
		<Unit filename="State_Forward_Feedback_VarRefs.mm" />
		<Unit filename="State_Forward_Feedback_Variables.h" />
		<Unit filename="State_Forward_Includes.h" />
		<Unit filename="State_Forward_Internal.mm" />
		<Unit filename="State_Forward_OnEntry.mm" />
		<Unit filename="State_Forward_OnExit.mm" />
		<Unit filename="State_Forward_Transition_0.expr" />
		<Unit filename="State_Forward_Transition_1.expr" />
		<Unit filename="State_Forward_Transition_2.expr" />
		<Unit filename="State_Forward_Transition_3.expr" />
		<Unit filename="State_Forward_Transition_4.expr" />
		<Unit filename="State_Forward_Transition_5.expr" />
		<Unit filename="State_Forward_VarRefs.mm" />
		<Unit filename="State_Forward_Variables.h" />
		<Unit filename="State_Initial.h" />
		<Unit filename="State_Initial.mm" />
		<Unit filename="State_InitialPseudoState.h" />
		<Unit filename="State_InitialPseudoState.mm" />
		<Unit filename="State_InitialPseudoState_Includes.h" />
		<Unit filename="State_InitialPseudoState_Internal.mm" />
		<Unit filename="State_InitialPseudoState_OnEntry.mm" />
		<Unit filename="State_InitialPseudoState_OnExit.mm" />
		<Unit filename="State_InitialPseudoState_Transition_0.expr" />
		<Unit filename="State_InitialPseudoState_VarRefs.mm" />
		<Unit filename="State_InitialPseudoState_Variables.h" />
		<Unit filename="State_Initial_Includes.h" />
		<Unit filename="State_Initial_Internal.mm" />
		<Unit filename="State_Initial_OnEntry.mm" />
		<Unit filename="State_Initial_OnExit.mm" />
		<Unit filename="State_Initial_Transition_0.expr" />
		<Unit filename="State_Initial_VarRefs.mm" />
		<Unit filename="State_Initial_Variables.h" />
		<Unit filename="State_Intersection_Alignment.h" />
		<Unit filename="State_Intersection_Alignment.mm" />
		<Unit filename="State_Intersection_Alignment_Includes.h" />
		<Unit filename="State_Intersection_Alignment_Internal.mm" />
		<Unit filename="State_Intersection_Alignment_OnEntry.mm" />
		<Unit filename="State_Intersection_Alignment_OnExit.mm" />
		<Unit filename="State_Intersection_Alignment_Transition_0.expr" />
		<Unit filename="State_Intersection_Alignment_Transition_1.expr" />
		<Unit filename="State_Intersection_Alignment_VarRefs.mm" />
		<Unit filename="State_Intersection_Alignment_Variables.h" />
		<Unit filename="State_Intersection_Check_CentreGS.h" />
		<Unit filename="State_Intersection_Check_CentreGS.mm" />
		<Unit filename="State_Intersection_Check_CentreGS_Includes.h" />
		<Unit filename="State_Intersection_Check_CentreGS_Internal.mm" />
		<Unit filename="State_Intersection_Check_CentreGS_OnEntry.mm" />
		<Unit filename="State_Intersection_Check_CentreGS_OnExit.mm" />
		<Unit filename="State_Intersection_Check_CentreGS_Transition_0.expr" />
		<Unit filename="State_Intersection_Check_CentreGS_Transition_1.expr" />
		<Unit filename="State_Intersection_Check_CentreGS_Transition_2.expr" />
		<Unit filename="State_Intersection_Check_CentreGS_VarRefs.mm" />
		<Unit filename="State_Intersection_Check_CentreGS_Variables.h" />
		<Unit filename="State_Intersection_Check_LeftGS.h" />
		<Unit filename="State_Intersection_Check_LeftGS.mm" />
		<Unit filename="State_Intersection_Check_LeftGS_Includes.h" />
		<Unit filename="State_Intersection_Check_LeftGS_Internal.mm" />
		<Unit filename="State_Intersection_Check_LeftGS_OnEntry.mm" />
		<Unit filename="State_Intersection_Check_LeftGS_OnExit.mm" />
		<Unit filename="State_Intersection_Check_LeftGS_Transition_0.expr" />
		<Unit filename="State_Intersection_Check_LeftGS_Transition_1.expr" />
		<Unit filename="State_Intersection_Check_LeftGS_Transition_2.expr" />
		<Unit filename="State_Intersection_Check_LeftGS_VarRefs.mm" />
		<Unit filename="State_Intersection_Check_LeftGS_Variables.h" />
		<Unit filename="State_Intersection_Check_RightGS.h" />
		<Unit filename="State_Intersection_Check_RightGS.mm" />
		<Unit filename="State_Intersection_Check_RightGS_Includes.h" />
		<Unit filename="State_Intersection_Check_RightGS_Internal.mm" />
		<Unit filename="State_Intersection_Check_RightGS_OnEntry.mm" />
		<Unit filename="State_Intersection_Check_RightGS_OnExit.mm" />
		<Unit filename="State_Intersection_Check_RightGS_Transition_0.expr" />
		<Unit filename="State_Intersection_Check_RightGS_Transition_1.expr" />
		<Unit filename="State_Intersection_Check_RightGS_Transition_2.expr" />
		<Unit filename="State_Intersection_Check_RightGS_VarRefs.mm" />
		<Unit filename="State_Intersection_Check_RightGS_Variables.h" />
		<Unit filename="State_LeftGS_Detects_Intersection.h" />
		<Unit filename="State_LeftGS_Detects_Intersection.mm" />
		<Unit filename="State_LeftGS_Detects_Intersection_Includes.h" />
		<Unit filename="State_LeftGS_Detects_Intersection_Internal.mm" />
		<Unit filename="State_LeftGS_Detects_Intersection_OnEntry.mm" />
		<Unit filename="State_LeftGS_Detects_Intersection_OnExit.mm" />
		<Unit filename="State_LeftGS_Detects_Intersection_Transition_0.expr" />
		<Unit filename="State_LeftGS_Detects_Intersection_VarRefs.mm" />
		<Unit filename="State_LeftGS_Detects_Intersection_Variables.h" />
		<Unit filename="State_LeftGS_Detects_Nothing.h" />
		<Unit filename="State_LeftGS_Detects_Nothing.mm" />
		<Unit filename="State_LeftGS_Detects_Nothing_Includes.h" />
		<Unit filename="State_LeftGS_Detects_Nothing_Internal.mm" />
		<Unit filename="State_LeftGS_Detects_Nothing_OnEntry.mm" />
		<Unit filename="State_LeftGS_Detects_Nothing_OnExit.mm" />
		<Unit filename="State_LeftGS_Detects_Nothing_Transition_0.expr" />
		<Unit filename="State_LeftGS_Detects_Nothing_VarRefs.mm" />
		<Unit filename="State_LeftGS_Detects_Nothing_Variables.h" />
		<Unit filename="State_LeftGS_Detects_Path.h" />
		<Unit filename="State_LeftGS_Detects_Path.mm" />
		<Unit filename="State_LeftGS_Detects_Path_Includes.h" />
		<Unit filename="State_LeftGS_Detects_Path_Internal.mm" />
		<Unit filename="State_LeftGS_Detects_Path_OnEntry.mm" />
		<Unit filename="State_LeftGS_Detects_Path_OnExit.mm" />
		<Unit filename="State_LeftGS_Detects_Path_Transition_0.expr" />
		<Unit filename="State_LeftGS_Detects_Path_VarRefs.mm" />
		<Unit filename="State_LeftGS_Detects_Path_Variables.h" />
		<Unit filename="State_Left_Is_Available.h" />
		<Unit filename="State_Left_Is_Available.mm" />
		<Unit filename="State_Left_Is_Available_Includes.h" />
		<Unit filename="State_Left_Is_Available_Internal.mm" />
		<Unit filename="State_Left_Is_Available_OnEntry.mm" />
		<Unit filename="State_Left_Is_Available_OnExit.mm" />
		<Unit filename="State_Left_Is_Available_Transition_0.expr" />
		<Unit filename="State_Left_Is_Available_VarRefs.mm" />
		<Unit filename="State_Left_Is_Available_Variables.h" />
		<Unit filename="State_May_Need_Align_Beyond_Intersection.h" />
		<Unit filename="State_May_Need_Align_Beyond_Intersection.mm" />
		<Unit filename="State_May_Need_Align_Beyond_Intersection_Includes.h" />
		<Unit filename="State_May_Need_Align_Beyond_Intersection_Internal.mm" />
		<Unit filename="State_May_Need_Align_Beyond_Intersection_OnEntry.mm" />
		<Unit filename="State_May_Need_Align_Beyond_Intersection_OnExit.mm" />
		<Unit filename="State_May_Need_Align_Beyond_Intersection_Transition_0.expr" />
		<Unit filename="State_May_Need_Align_Beyond_Intersection_Transition_1.expr" />
		<Unit filename="State_May_Need_Align_Beyond_Intersection_VarRefs.mm" />
		<Unit filename="State_May_Need_Align_Beyond_Intersection_Variables.h" />
		<Unit filename="State_May_Need_Align_In_Intersection.h" />
		<Unit filename="State_May_Need_Align_In_Intersection.mm" />
		<Unit filename="State_May_Need_Align_In_Intersection_Includes.h" />
		<Unit filename="State_May_Need_Align_In_Intersection_Internal.mm" />
		<Unit filename="State_May_Need_Align_In_Intersection_OnEntry.mm" />
		<Unit filename="State_May_Need_Align_In_Intersection_OnExit.mm" />
		<Unit filename="State_May_Need_Align_In_Intersection_Transition_0.expr" />
		<Unit filename="State_May_Need_Align_In_Intersection_Transition_1.expr" />
		<Unit filename="State_May_Need_Align_In_Intersection_VarRefs.mm" />
		<Unit filename="State_May_Need_Align_In_Intersection_Variables.h" />
		<Unit filename="State_RightGS_Detects_Intersection.h" />
		<Unit filename="State_RightGS_Detects_Intersection.mm" />
		<Unit filename="State_RightGS_Detects_Intersection_Includes.h" />
		<Unit filename="State_RightGS_Detects_Intersection_Internal.mm" />
		<Unit filename="State_RightGS_Detects_Intersection_OnEntry.mm" />
		<Unit filename="State_RightGS_Detects_Intersection_OnExit.mm" />
		<Unit filename="State_RightGS_Detects_Intersection_Transition_0.expr" />
		<Unit filename="State_RightGS_Detects_Intersection_VarRefs.mm" />
		<Unit filename="State_RightGS_Detects_Intersection_Variables.h" />
		<Unit filename="State_RightGS_Detects_Nothing.h" />
		<Unit filename="State_RightGS_Detects_Nothing.mm" />
		<Unit filename="State_RightGS_Detects_Nothing_Includes.h" />
		<Unit filename="State_RightGS_Detects_Nothing_Internal.mm" />
		<Unit filename="State_RightGS_Detects_Nothing_OnEntry.mm" />
		<Unit filename="State_RightGS_Detects_Nothing_OnExit.mm" />
		<Unit filename="State_RightGS_Detects_Nothing_Transition_0.expr" />
		<Unit filename="State_RightGS_Detects_Nothing_VarRefs.mm" />
		<Unit filename="State_RightGS_Detects_Nothing_Variables.h" />
		<Unit filename="State_RightGS_Detects_Path.h" />
		<Unit filename="State_RightGS_Detects_Path.mm" />
		<Unit filename="State_RightGS_Detects_Path_Includes.h" />
		<Unit filename="State_RightGS_Detects_Path_Internal.mm" />
		<Unit filename="State_RightGS_Detects_Path_OnEntry.mm" />
		<Unit filename="State_RightGS_Detects_Path_OnExit.mm" />
		<Unit filename="State_RightGS_Detects_Path_Transition_0.expr" />
		<Unit filename="State_RightGS_Detects_Path_VarRefs.mm" />
		<Unit filename="State_RightGS_Detects_Path_Variables.h" />
		<Unit filename="State_Right_Is_Available.h" />
		<Unit filename="State_Right_Is_Available.mm" />
		<Unit filename="State_Right_Is_Available_Includes.h" />
		<Unit filename="State_Right_Is_Available_Internal.mm" />
		<Unit filename="State_Right_Is_Available_OnEntry.mm" />
		<Unit filename="State_Right_Is_Available_OnExit.mm" />
		<Unit filename="State_Right_Is_Available_Transition_0.expr" />
		<Unit filename="State_Right_Is_Available_VarRefs.mm" />
		<Unit filename="State_Right_Is_Available_Variables.h" />
		<Unit filename="State_Stop.h" />
		<Unit filename="State_Stop.mm" />
		<Unit filename="State_Stop_Includes.h" />
		<Unit filename="State_Stop_Internal.mm" />
		<Unit filename="State_Stop_OnEntry.mm" />
		<Unit filename="State_Stop_OnExit.mm" />
		<Unit filename="State_Stop_VarRefs.mm" />
		<Unit filename="State_Stop_Variables.h" />
		<Unit filename="State_Straight_Is_Available.h" />
		<Unit filename="State_Straight_Is_Available.mm" />
		<Unit filename="State_Straight_Is_Available_Includes.h" />
		<Unit filename="State_Straight_Is_Available_Internal.mm" />
		<Unit filename="State_Straight_Is_Available_OnEntry.mm" />
		<Unit filename="State_Straight_Is_Available_OnExit.mm" />
		<Unit filename="State_Straight_Is_Available_Transition_0.expr" />
		<Unit filename="State_Straight_Is_Available_Transition_1.expr" />
		<Unit filename="State_Straight_Is_Available_VarRefs.mm" />
		<Unit filename="State_Straight_Is_Available_Variables.h" />
		<Unit filename="State_TurnLeftAwayFromObstacleOnRight.h" />
		<Unit filename="State_TurnLeftAwayFromObstacleOnRight.mm" />
		<Unit filename="State_TurnLeftAwayFromObstacleOnRight_Includes.h" />
		<Unit filename="State_TurnLeftAwayFromObstacleOnRight_Internal.mm" />
		<Unit filename="State_TurnLeftAwayFromObstacleOnRight_OnEntry.mm" />
		<Unit filename="State_TurnLeftAwayFromObstacleOnRight_OnExit.mm" />
		<Unit filename="State_TurnLeftAwayFromObstacleOnRight_Transition_0.expr" />
		<Unit filename="State_TurnLeftAwayFromObstacleOnRight_VarRefs.mm" />
		<Unit filename="State_TurnLeftAwayFromObstacleOnRight_Variables.h" />
		<Unit filename="State_TurnRightAwayFromObstacleOnLeft.h" />
		<Unit filename="State_TurnRightAwayFromObstacleOnLeft.mm" />
		<Unit filename="State_TurnRightAwayFromObstacleOnLeft_Includes.h" />
		<Unit filename="State_TurnRightAwayFromObstacleOnLeft_Internal.mm" />
		<Unit filename="State_TurnRightAwayFromObstacleOnLeft_OnEntry.mm" />
		<Unit filename="State_TurnRightAwayFromObstacleOnLeft_OnExit.mm" />
		<Unit filename="State_TurnRightAwayFromObstacleOnLeft_Transition_0.expr" />
		<Unit filename="State_TurnRightAwayFromObstacleOnLeft_VarRefs.mm" />
		<Unit filename="State_TurnRightAwayFromObstacleOnLeft_Variables.h" />
		<Unit filename="State_Turn_Left.h" />
		<Unit filename="State_Turn_Left.mm" />
		<Unit filename="State_Turn_Left_Includes.h" />
		<Unit filename="State_Turn_Left_Internal.mm" />
		<Unit filename="State_Turn_Left_OnEntry.mm" />
		<Unit filename="State_Turn_Left_OnExit.mm" />
		<Unit filename="State_Turn_Left_Transition_0.expr" />
		<Unit filename="State_Turn_Left_VarRefs.mm" />
		<Unit filename="State_Turn_Left_Variables.h" />
		<Unit filename="State_Turn_Right.h" />
		<Unit filename="State_Turn_Right.mm" />
		<Unit filename="State_Turn_Right_Includes.h" />
		<Unit filename="State_Turn_Right_Internal.mm" />
		<Unit filename="State_Turn_Right_OnEntry.mm" />
		<Unit filename="State_Turn_Right_OnExit.mm" />
		<Unit filename="State_Turn_Right_Transition_0.expr" />
		<Unit filename="State_Turn_Right_VarRefs.mm" />
		<Unit filename="State_Turn_Right_Variables.h" />
		<Unit filename="States" />
		<Unit filename="WindowLayout.plist">
			<Option virtualFolder="MiCase_MiEdit/" />
		</Unit>
		<Unit filename="epuckMeanderLinesByGSM.h" />
		<Unit filename="epuckMeanderLinesByGSM.mm" />
		<Unit filename="epuckMeanderLinesByGSM_Includes.h" />
		<Unit filename="epuckMeanderLinesByGSM_VarRefs.mm" />
		<Unit filename="epuckMeanderLinesByGSM_Variables.h" />
		<Unit filename="package.xml">
			<Option virtualFolder="catkin/" />
		</Unit>
		<Extensions>
			<envvars />
			<code_completion />
			<lib_finder disable_auto="1" />
			<debugger />
		</Extensions>
	</Project>
</CodeBlocks_project_file>
