// !$*UTF8*$!
{
	archiveVersion = 1;
	classes = {
	};
	objectVersion = 46;
	objects = {

/* Begin PBXFileReference section */
		301ABFA51B97ED5400224CF9 /* ReflectAPI_MetaProperty_Tests.cc */ = {isa = PBXFileReference; fileEncoding = 4; lastKnownFileType = sourcecode.cpp.cpp; path = ReflectAPI_MetaProperty_Tests.cc; sourceTree = "<group>"; };
		301ABFA61B97ED6200224CF9 /* ReflectAPI_VariableTests.cc */ = {isa = PBXFileReference; fileEncoding = 4; lastKnownFileType = sourcecode.cpp.cpp; path = ReflectAPI_VariableTests.cc; sourceTree = "<group>"; };
		30B2268D1B82B318001511B5 /* ReflectAPI_MetaTransition_Tests.cc */ = {isa = PBXFileReference; fileEncoding = 4; lastKnownFileType = sourcecode.cpp.cpp; path = ReflectAPI_MetaTransition_Tests.cc; sourceTree = "<group>"; };
		F17650881B7983A1009CAC69 /* DummyMachines.h */ = {isa = PBXFileReference; lastKnownFileType = sourcecode.c.h; path = DummyMachines.h; sourceTree = "<group>"; };
		F17650891B7983A1009CAC69 /* en.lproj */ = {isa = PBXFileReference; lastKnownFileType = folder; path = en.lproj; sourceTree = "<group>"; };
		F176508A1B7983A1009CAC69 /* libclfsmTests-Info.plist */ = {isa = PBXFileReference; lastKnownFileType = text.plist.xml; path = "libclfsmTests-Info.plist"; sourceTree = "<group>"; };
		F176508B1B7983A1009CAC69 /* Makefile */ = {isa = PBXFileReference; lastKnownFileType = sourcecode.make; path = Makefile; sourceTree = "<group>"; };
		F176508C1B7983A1009CAC69 /* ReflectAPI_Init_Tests.cc */ = {isa = PBXFileReference; lastKnownFileType = sourcecode.cpp.cpp; path = ReflectAPI_Init_Tests.cc; sourceTree = "<group>"; };
		F176508D1B7983A1009CAC69 /* ReflectAPI_MetaAction_Tests.cc */ = {isa = PBXFileReference; lastKnownFileType = sourcecode.cpp.cpp; path = ReflectAPI_MetaAction_Tests.cc; sourceTree = "<group>"; };
		F176508E1B7983A1009CAC69 /* ReflectAPI_MetaMachine_Tests.cc */ = {isa = PBXFileReference; lastKnownFileType = sourcecode.cpp.cpp; path = ReflectAPI_MetaMachine_Tests.cc; sourceTree = "<group>"; };
		F176508F1B7983A1009CAC69 /* ReflectAPI_MetaState_Tests.cc */ = {isa = PBXFileReference; lastKnownFileType = sourcecode.cpp.cpp; path = ReflectAPI_MetaState_Tests.cc; sourceTree = "<group>"; };
		F17650901B7983A1009CAC69 /* ReflectAPI_StateMethod_Tests.cc */ = {isa = PBXFileReference; lastKnownFileType = sourcecode.cpp.cpp; path = ReflectAPI_StateMethod_Tests.cc; sourceTree = "<group>"; };
		F17650911B7983A1009CAC69 /* ReflectAPI_Util_Tests.cc */ = {isa = PBXFileReference; lastKnownFileType = sourcecode.cpp.cpp; path = ReflectAPI_Util_Tests.cc; sourceTree = "<group>"; };
		F17650921B7983A1009CAC69 /* VectorFactory_tests.cc */ = {isa = PBXFileReference; lastKnownFileType = sourcecode.cpp.cpp; path = VectorFactory_tests.cc; sourceTree = "<group>"; };
/* End PBXFileReference section */

/* Begin PBXGroup section */
		F17650811B7983A1009CAC69 = {
			isa = PBXGroup;
			children = (
				F17650881B7983A1009CAC69 /* DummyMachines.h */,
				F17650891B7983A1009CAC69 /* en.lproj */,
				F176508A1B7983A1009CAC69 /* libclfsmTests-Info.plist */,
				F176508B1B7983A1009CAC69 /* Makefile */,
				F176508C1B7983A1009CAC69 /* ReflectAPI_Init_Tests.cc */,
				F176508D1B7983A1009CAC69 /* ReflectAPI_MetaAction_Tests.cc */,
				F176508E1B7983A1009CAC69 /* ReflectAPI_MetaMachine_Tests.cc */,
				301ABFA51B97ED5400224CF9 /* ReflectAPI_MetaProperty_Tests.cc */,
				30B2268D1B82B318001511B5 /* ReflectAPI_MetaTransition_Tests.cc */,
				F176508F1B7983A1009CAC69 /* ReflectAPI_MetaState_Tests.cc */,
				F17650901B7983A1009CAC69 /* ReflectAPI_StateMethod_Tests.cc */,
				F17650911B7983A1009CAC69 /* ReflectAPI_Util_Tests.cc */,
				301ABFA61B97ED6200224CF9 /* ReflectAPI_VariableTests.cc */,
				F17650921B7983A1009CAC69 /* VectorFactory_tests.cc */,
			);
			sourceTree = "<group>";
		};
/* End PBXGroup section */

/* Begin PBXLegacyTarget section */
		F17650861B7983A1009CAC69 /* libclfsmTests */ = {
			isa = PBXLegacyTarget;
			buildArgumentsString = "run-test";
			buildConfigurationList = F17650931B7983A1009CAC69 /* Build configuration list for PBXLegacyTarget "libclfsmTests" */;
			buildPhases = (
			);
			buildToolPath = /usr/local/bin/bmake;
			buildWorkingDirectory = /Users/rh/Devel/src/MiPal/GUNao/posix/gufsm/libclfsm/libclfsmTests;
			dependencies = (
			);
			name = libclfsmTests;
			passBuildSettingsInEnvironment = 1;
			productName = libclfsmTests;
		};
/* End PBXLegacyTarget section */

/* Begin PBXProject section */
		F17650821B7983A1009CAC69 /* Project object */ = {
			isa = PBXProject;
			attributes = {
			};
			buildConfigurationList = F17650851B7983A1009CAC69 /* Build configuration list for PBXProject "libclfsmTests" */;
			compatibilityVersion = "Xcode 3.2";
			developmentRegion = English;
			hasScannedForEncodings = 0;
			knownRegions = (
				en,
			);
			mainGroup = F17650811B7983A1009CAC69;
			projectDirPath = "";
			projectRoot = "";
			targets = (
				F17650861B7983A1009CAC69 /* libclfsmTests */,
			);
		};
/* End PBXProject section */

/* Begin XCBuildConfiguration section */
		F17650831B7983A1009CAC69 /* Debug */ = {
			isa = XCBuildConfiguration;
			buildSettings = {
				ARCHS = "$(ARCHS_STANDARD_32_BIT)";
				COPY_PHASE_STRIP = NO;
				GCC_WARN_ABOUT_RETURN_TYPE = YES;
				GCC_WARN_UNUSED_VARIABLE = YES;
				ONLY_ACTIVE_ARCH = YES;
				SDKROOT = macosx10.6;
			};
			name = Debug;
		};
		F17650841B7983A1009CAC69 /* Release */ = {
			isa = XCBuildConfiguration;
			buildSettings = {
				ARCHS = "$(ARCHS_STANDARD_32_BIT)";
				COPY_PHASE_STRIP = YES;
				GCC_WARN_ABOUT_RETURN_TYPE = YES;
				GCC_WARN_UNUSED_VARIABLE = YES;
				SDKROOT = macosx10.6;
			};
			name = Release;
		};
		F17650941B7983A1009CAC69 /* Debug */ = {
			isa = XCBuildConfiguration;
			buildSettings = {
				COPY_PHASE_STRIP = NO;
				DEBUGGING_SYMBOLS = YES;
				GCC_DYNAMIC_NO_PIC = NO;
				GCC_ENABLE_FIX_AND_CONTINUE = YES;
				GCC_GENERATE_DEBUGGING_SYMBOLS = YES;
				GCC_OPTIMIZATION_LEVEL = 0;
				OTHER_CFLAGS = "";
				OTHER_LDFLAGS = "";
				PRODUCT_NAME = libclfsmTests;
			};
			name = Debug;
		};
		F17650951B7983A1009CAC69 /* Release */ = {
			isa = XCBuildConfiguration;
			buildSettings = {
				COPY_PHASE_STRIP = YES;
				DEBUG_INFORMATION_FORMAT = "dwarf-with-dsym";
				GCC_ENABLE_FIX_AND_CONTINUE = NO;
				OTHER_CFLAGS = "";
				OTHER_LDFLAGS = "";
				PRODUCT_NAME = libclfsmTests;
			};
			name = Release;
		};
/* End XCBuildConfiguration section */

/* Begin XCConfigurationList section */
		F17650851B7983A1009CAC69 /* Build configuration list for PBXProject "libclfsmTests" */ = {
			isa = XCConfigurationList;
			buildConfigurations = (
				F17650831B7983A1009CAC69 /* Debug */,
				F17650841B7983A1009CAC69 /* Release */,
			);
			defaultConfigurationIsVisible = 0;
			defaultConfigurationName = Release;
		};
		F17650931B7983A1009CAC69 /* Build configuration list for PBXLegacyTarget "libclfsmTests" */ = {
			isa = XCConfigurationList;
			buildConfigurations = (
				F17650941B7983A1009CAC69 /* Debug */,
				F17650951B7983A1009CAC69 /* Release */,
			);
			defaultConfigurationIsVisible = 0;
			defaultConfigurationName = Release;
		};
/* End XCConfigurationList section */
	};
	rootObject = F17650821B7983A1009CAC69 /* Project object */;
}
